schema: '2.0'
stages:
  get_data:
    cmd: python scripts/data.py
    deps:
    - path: scripts/data.py
      hash: md5
      md5: f5415de242366d8d53944e7d8440fc08
      size: 1497
    params:
      params.yaml:
        index_col: customer_id
    outs:
    - path: data/initial_data.csv
      hash: md5
      md5: 9fd657a1684a9c4657a459b375a0c50e
      size: 824776
      cloud:
        my_storage:
          etag: 9fd657a1684a9c4657a459b375a0c50e
          version_id: 00062F1268684CAB
  fit_model:
    cmd: python scripts/fit.py
    deps:
    - path: data/initial_data.csv
      hash: md5
      md5: 9fd657a1684a9c4657a459b375a0c50e
      size: 824776
    - path: scripts/fit.py
      hash: md5
      md5: 6b88ba594dc81c36c1b72c29cabd3f9a
      size: 2279
    params:
      params.yaml:
        C: 1
        index_col: customer_id
        one_hot_drop: if_binary
        penalty: l2
        target_col: target
    outs:
    - path: models/fitted_model.pkl
      hash: md5
      md5: 62907d0e651911089c66e8d622a78154
      size: 11870
  evaluate_model:
    cmd: python scripts/evaluate.py
    deps:
    - path: models/fitted_model.pkl
      hash: md5
      md5: 62907d0e651911089c66e8d622a78154
      size: 11870
    - path: scripts/evaluate.py
      hash: md5
      md5: 7c65f0172c270e71e745f905248e545b
      size: 1634
    params:
      params.yaml:
        index_col: customer_id
        metrics:
        - f1
        - roc_auc
        n_jobs: -1
        n_splits: 5
        target_col: target
    outs:
    - path: cv_results/cv_res.json
      hash: md5
      md5: 41ba80328b8a64cc5f0e93ee8036a0c3
      size: 77
